schema: '2.0'
stages:
  prepare:
    cmd: python3.11 src/prepare.py data/raw data/prepared
    deps:
    - path: data/raw
      hash: md5
      md5: 9435ed6f80219e419ea9abdbe17bc35c.dir
      size: 8822930
      nfiles: 3210
    - path: src/prepare.py
      hash: md5
      md5: 4b6498934cb792bb9cbd55362aee7ee7
      size: 2598
    - path: src/utils/seed.py
      hash: md5
      md5: 22db02ee3cd5a547d165c0bff879a8c0
      size: 456
    params:
      params.yaml:
        prepare:
          seed: 77
          split: 0.2
          image_size:
          - 32
          - 32
          grayscale: true
    outs:
    - path: data/prepared
      hash: md5
      md5: 5ba8aff384ab22e0c0ebe0b592234776.dir
      size: 6619332
      nfiles: 8
  train:
    cmd: python3.11 src/train.py data/prepared model
    deps:
    - path: data/prepared
      hash: md5
      md5: 5ba8aff384ab22e0c0ebe0b592234776.dir
      size: 6619332
      nfiles: 8
    - path: src/train.py
      hash: md5
      md5: 5418b191a4d4bc1b821817d5462dd4b0
      size: 3989
    - path: src/utils/seed.py
      hash: md5
      md5: 22db02ee3cd5a547d165c0bff879a8c0
      size: 456
    params:
      params.yaml:
        train:
          seed: 77
          lr: 0.001
          epochs: 10
          conv_size: 64
          dense_size: 128
          output_classes: 11
    outs:
    - path: model
      hash: md5
      md5: c5f5bedb84c1cd72f7f25301c3a1d7ae.dir
      size: 8376820
      nfiles: 2
  evaluate:
    cmd: python3.11 src/evaluate.py model data/prepared
    deps:
    - path: model
      hash: md5
      md5: c5f5bedb84c1cd72f7f25301c3a1d7ae.dir
      size: 8376820
      nfiles: 2
    - path: src/evaluate.py
      hash: md5
      md5: c41f34abe8e568d4ce9f602f87fdd36f
      size: 5646
    outs:
    - path: evaluation/metrics.json
      hash: md5
      md5: eabe472db4285964080fc10d6bcee77e
      size: 63
    - path: evaluation/plots/confusion_matrix.png
      hash: md5
      md5: 0b551b0dc0f6ef5caf6675ebafd4228f
      size: 45676
    - path: evaluation/plots/pred_preview.png
      hash: md5
      md5: fe53070d35db771ccf5254160a58e7c2
      size: 43555
    - path: evaluation/plots/training_history.png
      hash: md5
      md5: 2dc64566f48279db33cd8d7056910dbb
      size: 37303
