schema: '2.0'
stages:
  prepare:
    cmd: python3.11 src/prepare.py data/raw data/prepared
    deps:
    - path: data/raw
      hash: md5
      md5: f32dee80c2a75f69992cd290f2aa7baf.dir
      size: 9002123
      nfiles: 3243
    - path: src/prepare.py
      hash: md5
      md5: 4b6498934cb792bb9cbd55362aee7ee7
      size: 2598
    - path: src/utils/seed.py
      hash: md5
      md5: 22db02ee3cd5a547d165c0bff879a8c0
      size: 456
    params:
      params.yaml:
        prepare:
          seed: 77
          split: 0.2
          image_size:
          - 32
          - 32
          grayscale: true
    outs:
    - path: data/prepared
      hash: md5
      md5: 94c9c944086b33ef34fc3838a0571c4d.dir
      size: 6754714
      nfiles: 8
  train:
    cmd: python3.11 src/train.py data/prepared model
    deps:
    - path: data/prepared
      hash: md5
      md5: 94c9c944086b33ef34fc3838a0571c4d.dir
      size: 6754714
      nfiles: 8
    - path: src/train.py
      hash: md5
      md5: 5418b191a4d4bc1b821817d5462dd4b0
      size: 3989
    - path: src/utils/seed.py
      hash: md5
      md5: 22db02ee3cd5a547d165c0bff879a8c0
      size: 456
    params:
      params.yaml:
        train:
          seed: 77
          lr: 0.001
          epochs: 10
          conv_size: 64
          dense_size: 128
          output_classes: 11
    outs:
    - path: model
      hash: md5
      md5: 393ec29776ccc20af26525ae5616fdd9.dir
      size: 8358744
      nfiles: 2
  evaluate:
    cmd: python3.11 src/evaluate.py model data/prepared
    deps:
    - path: model
      hash: md5
      md5: 393ec29776ccc20af26525ae5616fdd9.dir
      size: 8358744
      nfiles: 2
    - path: src/evaluate.py
      hash: md5
      md5: c41f34abe8e568d4ce9f602f87fdd36f
      size: 5646
    outs:
    - path: evaluation/metrics.json
      hash: md5
      md5: 69a644e9de271be55e4e6bc41cb5c1db
      size: 64
    - path: evaluation/plots/confusion_matrix.png
      hash: md5
      md5: 8e63250336d889c3d4f576dbcca65557
      size: 44223
    - path: evaluation/plots/pred_preview.png
      hash: md5
      md5: 147259141157fc2168cb5d349a3ce28a
      size: 44708
    - path: evaluation/plots/training_history.png
      hash: md5
      md5: d734e80482a328fb8c98e312fb2afce5
      size: 36745
